
Microsoft Visual Studio Solution File, Format Version 12.00
# Visual Studio 15
Project("{FAE04EC0-301F-11D3-BF4B-00C04F79EFBC}") = "RecipeManager.Api", "RecipeManager.Api\RecipeManager.Api.csproj", "{BC55FE4B-B0EC-4BB5-B2C7-D16B3216BC53}"
EndProject
Project("{FAE04EC0-301F-11D3-BF4B-00C04F79EFBC}") = "RecipeManager.Forms.Android", "RecipeManager.Forms.Android\RecipeManager.Forms.Android.csproj", "{B8D57CCB-2E58-47A5-A0C4-735572200A6F}"
EndProject
Project("{FAE04EC0-301F-11D3-BF4B-00C04F79EFBC}") = "RecipeManager.Forms.iOS", "RecipeManager.Forms.iOS\RecipeManager.Forms.iOS.csproj", "{16FAA27A-04C7-4FC5-85F5-FC41FF3F22B0}"
EndProject
Project("{FAE04EC0-301F-11D3-BF4B-00C04F79EFBC}") = "RecipeManager.Forms", "RecipeManager.Forms\RecipeManager.Forms.csproj", "{1B542EF8-42D8-41E6-883C-221C29BC4E14}"
EndProject
Global
	GlobalSection(SolutionConfigurationPlatforms) = preSolution
		Debug|Any CPU = Debug|Any CPU
		Release|Any CPU = Release|Any CPU
		Debug|iPhoneSimulator = Debug|iPhoneSimulator
		Release|iPhoneSimulator = Release|iPhoneSimulator
		Debug|iPhone = Debug|iPhone
		Release|iPhone = Release|iPhone
		Ad-Hoc|iPhone = Ad-Hoc|iPhone
		AppStore|iPhone = AppStore|iPhone
	EndGlobalSection
	GlobalSection(ProjectConfigurationPlatforms) = postSolution
		{BC55FE4B-B0EC-4BB5-B2C7-D16B3216BC53}.Debug|Any CPU.ActiveCfg = Debug|Any CPU
		{BC55FE4B-B0EC-4BB5-B2C7-D16B3216BC53}.Debug|Any CPU.Build.0 = Debug|Any CPU
		{BC55FE4B-B0EC-4BB5-B2C7-D16B3216BC53}.Release|Any CPU.ActiveCfg = Release|Any CPU
		{BC55FE4B-B0EC-4BB5-B2C7-D16B3216BC53}.Release|Any CPU.Build.0 = Release|Any CPU
		{BC55FE4B-B0EC-4BB5-B2C7-D16B3216BC53}.Debug|iPhoneSimulator.ActiveCfg = Debug|Any CPU
		{BC55FE4B-B0EC-4BB5-B2C7-D16B3216BC53}.Debug|iPhoneSimulator.Build.0 = Debug|Any CPU
		{BC55FE4B-B0EC-4BB5-B2C7-D16B3216BC53}.Release|iPhoneSimulator.ActiveCfg = Release|Any CPU
		{BC55FE4B-B0EC-4BB5-B2C7-D16B3216BC53}.Release|iPhoneSimulator.Build.0 = Release|Any CPU
		{BC55FE4B-B0EC-4BB5-B2C7-D16B3216BC53}.Debug|iPhone.ActiveCfg = Debug|Any CPU
		{BC55FE4B-B0EC-4BB5-B2C7-D16B3216BC53}.Debug|iPhone.Build.0 = Debug|Any CPU
		{BC55FE4B-B0EC-4BB5-B2C7-D16B3216BC53}.Release|iPhone.ActiveCfg = Release|Any CPU
		{BC55FE4B-B0EC-4BB5-B2C7-D16B3216BC53}.Release|iPhone.Build.0 = Release|Any CPU
		{BC55FE4B-B0EC-4BB5-B2C7-D16B3216BC53}.Ad-Hoc|iPhone.ActiveCfg = Debug|Any CPU
		{BC55FE4B-B0EC-4BB5-B2C7-D16B3216BC53}.Ad-Hoc|iPhone.Build.0 = Debug|Any CPU
		{BC55FE4B-B0EC-4BB5-B2C7-D16B3216BC53}.AppStore|iPhone.ActiveCfg = Debug|Any CPU
		{BC55FE4B-B0EC-4BB5-B2C7-D16B3216BC53}.AppStore|iPhone.Build.0 = Debug|Any CPU
		{B8D57CCB-2E58-47A5-A0C4-735572200A6F}.Debug|Any CPU.ActiveCfg = Debug|Any CPU
		{B8D57CCB-2E58-47A5-A0C4-735572200A6F}.Debug|Any CPU.Build.0 = Debug|Any CPU
		{B8D57CCB-2E58-47A5-A0C4-735572200A6F}.Release|Any CPU.ActiveCfg = Release|Any CPU
		{B8D57CCB-2E58-47A5-A0C4-735572200A6F}.Release|Any CPU.Build.0 = Release|Any CPU
		{B8D57CCB-2E58-47A5-A0C4-735572200A6F}.Debug|iPhoneSimulator.ActiveCfg = Debug|Any CPU
		{B8D57CCB-2E58-47A5-A0C4-735572200A6F}.Debug|iPhoneSimulator.Build.0 = Debug|Any CPU
		{B8D57CCB-2E58-47A5-A0C4-735572200A6F}.Release|iPhoneSimulator.ActiveCfg = Release|Any CPU
		{B8D57CCB-2E58-47A5-A0C4-735572200A6F}.Release|iPhoneSimulator.Build.0 = Release|Any CPU
		{B8D57CCB-2E58-47A5-A0C4-735572200A6F}.Debug|iPhone.ActiveCfg = Debug|Any CPU
		{B8D57CCB-2E58-47A5-A0C4-735572200A6F}.Debug|iPhone.Build.0 = Debug|Any CPU
		{B8D57CCB-2E58-47A5-A0C4-735572200A6F}.Release|iPhone.ActiveCfg = Release|Any CPU
		{B8D57CCB-2E58-47A5-A0C4-735572200A6F}.Release|iPhone.Build.0 = Release|Any CPU
		{B8D57CCB-2E58-47A5-A0C4-735572200A6F}.Ad-Hoc|iPhone.ActiveCfg = Debug|Any CPU
		{B8D57CCB-2E58-47A5-A0C4-735572200A6F}.Ad-Hoc|iPhone.Build.0 = Debug|Any CPU
		{B8D57CCB-2E58-47A5-A0C4-735572200A6F}.AppStore|iPhone.ActiveCfg = Debug|Any CPU
		{B8D57CCB-2E58-47A5-A0C4-735572200A6F}.AppStore|iPhone.Build.0 = Debug|Any CPU
		{16FAA27A-04C7-4FC5-85F5-FC41FF3F22B0}.Debug|Any CPU.ActiveCfg = Debug|iPhoneSimulator
		{16FAA27A-04C7-4FC5-85F5-FC41FF3F22B0}.Debug|Any CPU.Build.0 = Debug|iPhoneSimulator
		{16FAA27A-04C7-4FC5-85F5-FC41FF3F22B0}.Release|Any CPU.ActiveCfg = Release|iPhoneSimulator
		{16FAA27A-04C7-4FC5-85F5-FC41FF3F22B0}.Release|Any CPU.Build.0 = Release|iPhoneSimulator
		{16FAA27A-04C7-4FC5-85F5-FC41FF3F22B0}.Debug|iPhoneSimulator.ActiveCfg = Debug|iPhoneSimulator
		{16FAA27A-04C7-4FC5-85F5-FC41FF3F22B0}.Debug|iPhoneSimulator.Build.0 = Debug|iPhoneSimulator
		{16FAA27A-04C7-4FC5-85F5-FC41FF3F22B0}.Release|iPhoneSimulator.ActiveCfg = Release|iPhoneSimulator
		{16FAA27A-04C7-4FC5-85F5-FC41FF3F22B0}.Release|iPhoneSimulator.Build.0 = Release|iPhoneSimulator
		{16FAA27A-04C7-4FC5-85F5-FC41FF3F22B0}.Debug|iPhone.ActiveCfg = Debug|iPhone
		{16FAA27A-04C7-4FC5-85F5-FC41FF3F22B0}.Debug|iPhone.Build.0 = Debug|iPhone
		{16FAA27A-04C7-4FC5-85F5-FC41FF3F22B0}.Release|iPhone.ActiveCfg = Release|iPhone
		{16FAA27A-04C7-4FC5-85F5-FC41FF3F22B0}.Release|iPhone.Build.0 = Release|iPhone
		{16FAA27A-04C7-4FC5-85F5-FC41FF3F22B0}.Ad-Hoc|iPhone.ActiveCfg = Ad-Hoc|iPhone
		{16FAA27A-04C7-4FC5-85F5-FC41FF3F22B0}.Ad-Hoc|iPhone.Build.0 = Ad-Hoc|iPhone
		{16FAA27A-04C7-4FC5-85F5-FC41FF3F22B0}.AppStore|iPhone.ActiveCfg = AppStore|iPhone
		{16FAA27A-04C7-4FC5-85F5-FC41FF3F22B0}.AppStore|iPhone.Build.0 = AppStore|iPhone
		{1B542EF8-42D8-41E6-883C-221C29BC4E14}.Debug|Any CPU.ActiveCfg = Debug|Any CPU
		{1B542EF8-42D8-41E6-883C-221C29BC4E14}.Debug|Any CPU.Build.0 = Debug|Any CPU
		{1B542EF8-42D8-41E6-883C-221C29BC4E14}.Release|Any CPU.ActiveCfg = Release|Any CPU
		{1B542EF8-42D8-41E6-883C-221C29BC4E14}.Release|Any CPU.Build.0 = Release|Any CPU
		{1B542EF8-42D8-41E6-883C-221C29BC4E14}.Debug|iPhoneSimulator.ActiveCfg = Debug|Any CPU
		{1B542EF8-42D8-41E6-883C-221C29BC4E14}.Debug|iPhoneSimulator.Build.0 = Debug|Any CPU
		{1B542EF8-42D8-41E6-883C-221C29BC4E14}.Release|iPhoneSimulator.ActiveCfg = Release|Any CPU
		{1B542EF8-42D8-41E6-883C-221C29BC4E14}.Release|iPhoneSimulator.Build.0 = Release|Any CPU
		{1B542EF8-42D8-41E6-883C-221C29BC4E14}.Debug|iPhone.ActiveCfg = Debug|Any CPU
		{1B542EF8-42D8-41E6-883C-221C29BC4E14}.Debug|iPhone.Build.0 = Debug|Any CPU
		{1B542EF8-42D8-41E6-883C-221C29BC4E14}.Release|iPhone.ActiveCfg = Release|Any CPU
		{1B542EF8-42D8-41E6-883C-221C29BC4E14}.Release|iPhone.Build.0 = Release|Any CPU
		{1B542EF8-42D8-41E6-883C-221C29BC4E14}.Ad-Hoc|iPhone.ActiveCfg = Debug|Any CPU
		{1B542EF8-42D8-41E6-883C-221C29BC4E14}.Ad-Hoc|iPhone.Build.0 = Debug|Any CPU
		{1B542EF8-42D8-41E6-883C-221C29BC4E14}.AppStore|iPhone.ActiveCfg = Debug|Any CPU
		{1B542EF8-42D8-41E6-883C-221C29BC4E14}.AppStore|iPhone.Build.0 = Debug|Any CPU
	EndGlobalSection
EndGlobal
